
Microsoft Visual Studio Solution File, Format Version 12.00
# Visual Studio 14
VisualStudioVersion = 14.0.24720.0
MinimumVisualStudioVersion = 10.0.40219.1
Project("{8BC9CEB8-8B4A-11D0-8D11-00A0C91BC942}") = "Efficio", "EfficioCPP\EfficioCPP.vcxproj", "{E28BA8F0-89F6-41BA-8B8E-E7B0F5CE01ED}"
EndProject
Project("{8BC9CEB8-8B4A-11D0-8D11-00A0C91BC942}") = "EfficioCPPTest", "EfficioCPPTest\EfficioCPPTest.vcxproj", "{7DE7FA84-B96C-4AB0-A145-3E0E6A80FAF3}"
EndProject
Project("{8BC9CEB8-8B4A-11D0-8D11-00A0C91BC942}") = "Core", "EfficioCore\EfficioCore.vcxproj", "{0F1FB823-816A-41A4-80C1-3F4F3FA0CED6}"
EndProject
Project("{8BC9CEB8-8B4A-11D0-8D11-00A0C91BC942}") = "EfficioLeapMotion", "EfficioLeapMotion\EfficioLeapMotion.vcxproj", "{8EA754E6-BA0F-4346-B739-E42B274B271C}"
EndProject
Global
	GlobalSection(SolutionConfigurationPlatforms) = preSolution
		Debug|x64 = Debug|x64
		Debug|x86 = Debug|x86
		Release|x64 = Release|x64
		Release|x86 = Release|x86
	EndGlobalSection
	GlobalSection(ProjectConfigurationPlatforms) = postSolution
		{E28BA8F0-89F6-41BA-8B8E-E7B0F5CE01ED}.Debug|x64.ActiveCfg = Debug|x64
		{E28BA8F0-89F6-41BA-8B8E-E7B0F5CE01ED}.Debug|x64.Build.0 = Debug|x64
		{E28BA8F0-89F6-41BA-8B8E-E7B0F5CE01ED}.Debug|x86.ActiveCfg = Debug|Win32
		{E28BA8F0-89F6-41BA-8B8E-E7B0F5CE01ED}.Debug|x86.Build.0 = Debug|Win32
		{E28BA8F0-89F6-41BA-8B8E-E7B0F5CE01ED}.Release|x64.ActiveCfg = Release|x64
		{E28BA8F0-89F6-41BA-8B8E-E7B0F5CE01ED}.Release|x64.Build.0 = Release|x64
		{E28BA8F0-89F6-41BA-8B8E-E7B0F5CE01ED}.Release|x86.ActiveCfg = Release|Win32
		{E28BA8F0-89F6-41BA-8B8E-E7B0F5CE01ED}.Release|x86.Build.0 = Release|Win32
		{7DE7FA84-B96C-4AB0-A145-3E0E6A80FAF3}.Debug|x64.ActiveCfg = Debug|x64
		{7DE7FA84-B96C-4AB0-A145-3E0E6A80FAF3}.Debug|x64.Build.0 = Debug|x64
		{7DE7FA84-B96C-4AB0-A145-3E0E6A80FAF3}.Debug|x86.ActiveCfg = Debug|Win32
		{7DE7FA84-B96C-4AB0-A145-3E0E6A80FAF3}.Debug|x86.Build.0 = Debug|Win32
		{7DE7FA84-B96C-4AB0-A145-3E0E6A80FAF3}.Release|x64.ActiveCfg = Release|x64
		{7DE7FA84-B96C-4AB0-A145-3E0E6A80FAF3}.Release|x64.Build.0 = Release|x64
		{7DE7FA84-B96C-4AB0-A145-3E0E6A80FAF3}.Release|x86.ActiveCfg = Release|Win32
		{7DE7FA84-B96C-4AB0-A145-3E0E6A80FAF3}.Release|x86.Build.0 = Release|Win32
		{0F1FB823-816A-41A4-80C1-3F4F3FA0CED6}.Debug|x64.ActiveCfg = Debug|x64
		{0F1FB823-816A-41A4-80C1-3F4F3FA0CED6}.Debug|x64.Build.0 = Debug|x64
		{0F1FB823-816A-41A4-80C1-3F4F3FA0CED6}.Debug|x86.ActiveCfg = Debug|Win32
		{0F1FB823-816A-41A4-80C1-3F4F3FA0CED6}.Debug|x86.Build.0 = Debug|Win32
		{0F1FB823-816A-41A4-80C1-3F4F3FA0CED6}.Release|x64.ActiveCfg = Release|x64
		{0F1FB823-816A-41A4-80C1-3F4F3FA0CED6}.Release|x64.Build.0 = Release|x64
		{0F1FB823-816A-41A4-80C1-3F4F3FA0CED6}.Release|x86.ActiveCfg = Release|Win32
		{0F1FB823-816A-41A4-80C1-3F4F3FA0CED6}.Release|x86.Build.0 = Release|Win32
		{8EA754E6-BA0F-4346-B739-E42B274B271C}.Debug|x64.ActiveCfg = Debug|x64
		{8EA754E6-BA0F-4346-B739-E42B274B271C}.Debug|x64.Build.0 = Debug|x64
		{8EA754E6-BA0F-4346-B739-E42B274B271C}.Debug|x86.ActiveCfg = Debug|Win32
		{8EA754E6-BA0F-4346-B739-E42B274B271C}.Debug|x86.Build.0 = Debug|Win32
		{8EA754E6-BA0F-4346-B739-E42B274B271C}.Release|x64.ActiveCfg = Release|x64
		{8EA754E6-BA0F-4346-B739-E42B274B271C}.Release|x64.Build.0 = Release|x64
		{8EA754E6-BA0F-4346-B739-E42B274B271C}.Release|x86.ActiveCfg = Release|Win32
		{8EA754E6-BA0F-4346-B739-E42B274B271C}.Release|x86.Build.0 = Release|Win32
	EndGlobalSection
	GlobalSection(SolutionProperties) = preSolution
		HideSolutionNode = FALSE
	EndGlobalSection
EndGlobal
