<?xml version="1.0" encoding="utf-8"?>
<Project ToolsVersion="4.0" xmlns="http://schemas.microsoft.com/developer/msbuild/2003">
  <ItemGroup>
    <Filter Include="Source Files">
      <UniqueIdentifier>{4FC737F1-C7A5-4376-A066-2A32D752A2FF}</UniqueIdentifier>
      <Extensions>cpp;c;cc;cxx;def;odl;idl;hpj;bat;asm;asmx</Extensions>
    </Filter>
    <Filter Include="Header Files">
      <UniqueIdentifier>{93995380-89BD-4b04-88EB-625FBE52EBFB}</UniqueIdentifier>
      <Extensions>h;hh;hpp;hxx;hm;inl;inc;xsd</Extensions>
    </Filter>
    <Filter Include="Resource Files">
      <UniqueIdentifier>{67DA6AB6-F800-4c08-8B7A-83BB121AAD01}</UniqueIdentifier>
      <Extensions>rc;ico;cur;bmp;dlg;rc2;rct;bin;rgs;gif;jpg;jpeg;jpe;resx;tiff;tif;png;wav;mfcribbon-ms</Extensions>
    </Filter>
    <Filter Include="Header Files\Device">
      <UniqueIdentifier>{1a6aaa27-affd-44c8-9d36-a5b02734b206}</UniqueIdentifier>
    </Filter>
    <Filter Include="Source Files\Device">
      <UniqueIdentifier>{754e8800-e945-406e-8594-7689e9231006}</UniqueIdentifier>
    </Filter>
    <Filter Include="Header Files\Models">
      <UniqueIdentifier>{3b4b83bb-67db-4644-bd67-a3ac85df208d}</UniqueIdentifier>
    </Filter>
    <Filter Include="Header Files\Models\Human">
      <UniqueIdentifier>{4744eaf7-fdff-4b40-83b0-64d9d894c7f9}</UniqueIdentifier>
    </Filter>
    <Filter Include="Source Files\Models">
      <UniqueIdentifier>{f0c429c8-a076-469f-a5ac-84d68d0575ed}</UniqueIdentifier>
    </Filter>
    <Filter Include="Source Files\Models\Human">
      <UniqueIdentifier>{28431775-f145-413d-8a28-203795ca8400}</UniqueIdentifier>
    </Filter>
    <Filter Include="Header Files\Input and Recognition Processor">
      <UniqueIdentifier>{0d3d07c3-3c44-4c96-9258-e1dfd6b9e950}</UniqueIdentifier>
    </Filter>
    <Filter Include="Header Files\Input and Recognition Processor\Human">
      <UniqueIdentifier>{e52c705e-3dfa-4f40-895b-5b2af4c9d53c}</UniqueIdentifier>
    </Filter>
    <Filter Include="Header Files\Input and Recognition Processor\Human\Hands">
      <UniqueIdentifier>{69f5a664-9e06-4245-b157-c0a8e7e8f6fd}</UniqueIdentifier>
    </Filter>
  </ItemGroup>
  <ItemGroup>
    <ClInclude Include="IDevice.h">
      <Filter>Header Files\Device</Filter>
    </ClInclude>
    <ClInclude Include="TrackingType.h">
      <Filter>Header Files\Device</Filter>
    </ClInclude>
    <ClInclude Include="Skeleton.h">
      <Filter>Header Files\Models\Human</Filter>
    </ClInclude>
    <ClInclude Include="Arm.h">
      <Filter>Header Files\Models\Human</Filter>
    </ClInclude>
    <ClInclude Include="Leg.h">
      <Filter>Header Files\Models\Human</Filter>
    </ClInclude>
    <ClInclude Include="IPosition.h">
      <Filter>Header Files\Input and Recognition Processor</Filter>
    </ClInclude>
    <ClInclude Include="IGesture.h">
      <Filter>Header Files\Input and Recognition Processor</Filter>
    </ClInclude>
    <ClInclude Include="ITwoHandPosition.h">
      <Filter>Header Files\Input and Recognition Processor\Human\Hands</Filter>
    </ClInclude>
    <ClInclude Include="ISingleHandPosition.h">
      <Filter>Header Files\Input and Recognition Processor\Human\Hands</Filter>
    </ClInclude>
    <ClInclude Include="Core.h">
      <Filter>Header Files</Filter>
    </ClInclude>
  </ItemGroup>
  <ItemGroup>
    <ClCompile Include="Skeleton.cpp">
      <Filter>Source Files\Models\Human</Filter>
    </ClCompile>
    <ClCompile Include="Arm.cpp">
      <Filter>Source Files\Models\Human</Filter>
    </ClCompile>
    <ClCompile Include="Leg.cpp">
      <Filter>Source Files\Models\Human</Filter>
    </ClCompile>
  </ItemGroup>
</Project>