
Microsoft Visual Studio Solution File, Format Version 12.00
# Visual Studio 14
VisualStudioVersion = 14.0.24720.0
MinimumVisualStudioVersion = 10.0.40219.1
Project("{FAE04EC0-301F-11D3-BF4B-00C04F79EFBC}") = "RoomUpdater", "RoomUpdater\RoomUpdater.csproj", "{C1DF9A76-2A69-4CC0-AB40-6324AE70B7C5}"
EndProject
Project("{FAE04EC0-301F-11D3-BF4B-00C04F79EFBC}") = "SharedRoom", "SharedRoom\SharedRoom.csproj", "{C4C8C9C6-7CCB-4A86-9DBF-2CE42FFC8C5C}"
EndProject
Global
	GlobalSection(SolutionConfigurationPlatforms) = preSolution
		Debug|Any CPU = Debug|Any CPU
		Release|Any CPU = Release|Any CPU
	EndGlobalSection
	GlobalSection(ProjectConfigurationPlatforms) = postSolution
		{C1DF9A76-2A69-4CC0-AB40-6324AE70B7C5}.Debug|Any CPU.ActiveCfg = Debug|Any CPU
		{C1DF9A76-2A69-4CC0-AB40-6324AE70B7C5}.Debug|Any CPU.Build.0 = Debug|Any CPU
		{C1DF9A76-2A69-4CC0-AB40-6324AE70B7C5}.Release|Any CPU.ActiveCfg = Release|Any CPU
		{C1DF9A76-2A69-4CC0-AB40-6324AE70B7C5}.Release|Any CPU.Build.0 = Release|Any CPU
		{C4C8C9C6-7CCB-4A86-9DBF-2CE42FFC8C5C}.Debug|Any CPU.ActiveCfg = Debug|Any CPU
		{C4C8C9C6-7CCB-4A86-9DBF-2CE42FFC8C5C}.Debug|Any CPU.Build.0 = Debug|Any CPU
		{C4C8C9C6-7CCB-4A86-9DBF-2CE42FFC8C5C}.Release|Any CPU.ActiveCfg = Release|Any CPU
		{C4C8C9C6-7CCB-4A86-9DBF-2CE42FFC8C5C}.Release|Any CPU.Build.0 = Release|Any CPU
	EndGlobalSection
	GlobalSection(SolutionProperties) = preSolution
		HideSolutionNode = FALSE
	EndGlobalSection
EndGlobal
