
Microsoft Visual Studio Solution File, Format Version 12.00
# Visual Studio 14
VisualStudioVersion = 14.0.23107.0
MinimumVisualStudioVersion = 10.0.40219.1
Project("{FAE04EC0-301F-11D3-BF4B-00C04F79EFBC}") = "AutoCADEndUser", "AutoCADEndUser.csproj", "{2CDCF563-7D0B-4DD3-A4FD-F9BC7DB8EF40}"
EndProject
Project("{FAE04EC0-301F-11D3-BF4B-00C04F79EFBC}") = "AutoCADEndUser3D", "..\AutoCADEndUser3d\AutoCADEndUser3D.csproj", "{355727C6-75BB-4C21-9941-46DA61CEDFA1}"
EndProject
Global
	GlobalSection(SolutionConfigurationPlatforms) = preSolution
		Debug|Any CPU = Debug|Any CPU
		Release|Any CPU = Release|Any CPU
	EndGlobalSection
	GlobalSection(ProjectConfigurationPlatforms) = postSolution
		{2CDCF563-7D0B-4DD3-A4FD-F9BC7DB8EF40}.Debug|Any CPU.ActiveCfg = Debug|Any CPU
		{2CDCF563-7D0B-4DD3-A4FD-F9BC7DB8EF40}.Debug|Any CPU.Build.0 = Debug|Any CPU
		{2CDCF563-7D0B-4DD3-A4FD-F9BC7DB8EF40}.Release|Any CPU.ActiveCfg = Release|Any CPU
		{2CDCF563-7D0B-4DD3-A4FD-F9BC7DB8EF40}.Release|Any CPU.Build.0 = Release|Any CPU
		{355727C6-75BB-4C21-9941-46DA61CEDFA1}.Debug|Any CPU.ActiveCfg = Debug|Any CPU
		{355727C6-75BB-4C21-9941-46DA61CEDFA1}.Debug|Any CPU.Build.0 = Debug|Any CPU
		{355727C6-75BB-4C21-9941-46DA61CEDFA1}.Release|Any CPU.ActiveCfg = Release|Any CPU
		{355727C6-75BB-4C21-9941-46DA61CEDFA1}.Release|Any CPU.Build.0 = Release|Any CPU
	EndGlobalSection
	GlobalSection(SolutionProperties) = preSolution
		HideSolutionNode = FALSE
	EndGlobalSection
EndGlobal
