
Microsoft Visual Studio Solution File, Format Version 12.00
# Visual Studio 14
VisualStudioVersion = 14.0.23107.0
MinimumVisualStudioVersion = 10.0.40219.1
Project("{FAE04EC0-301F-11D3-BF4B-00C04F79EFBC}") = "Efficio", "Efficio\Efficio.csproj", "{D51C1B31-4CEE-4E27-9C34-8B41FA677900}"
EndProject
Project("{FAE04EC0-301F-11D3-BF4B-00C04F79EFBC}") = "KinectBroadcaster", "KinectBroadcaster\KinectBroadcaster.csproj", "{25EFBED2-76B1-48C9-AD49-6924BD156F8F}"
EndProject
Project("{FAE04EC0-301F-11D3-BF4B-00C04F79EFBC}") = "AutoCAD", "AutoCAD\AutoCAD.csproj", "{C34650E3-BDB6-43E4-A148-86B9231DCE22}"
EndProject
Global
	GlobalSection(SolutionConfigurationPlatforms) = preSolution
		Debug|Any CPU = Debug|Any CPU
		Ismael|Any CPU = Ismael|Any CPU
		James|Any CPU = James|Any CPU
		Release|Any CPU = Release|Any CPU
	EndGlobalSection
	GlobalSection(ProjectConfigurationPlatforms) = postSolution
		{D51C1B31-4CEE-4E27-9C34-8B41FA677900}.Debug|Any CPU.ActiveCfg = Ismael|Any CPU
		{D51C1B31-4CEE-4E27-9C34-8B41FA677900}.Debug|Any CPU.Build.0 = Ismael|Any CPU
		{D51C1B31-4CEE-4E27-9C34-8B41FA677900}.Ismael|Any CPU.ActiveCfg = Ismael|Any CPU
		{D51C1B31-4CEE-4E27-9C34-8B41FA677900}.Ismael|Any CPU.Build.0 = Ismael|Any CPU
		{D51C1B31-4CEE-4E27-9C34-8B41FA677900}.James|Any CPU.ActiveCfg = James|Any CPU
		{D51C1B31-4CEE-4E27-9C34-8B41FA677900}.James|Any CPU.Build.0 = James|Any CPU
		{D51C1B31-4CEE-4E27-9C34-8B41FA677900}.Release|Any CPU.ActiveCfg = Release|Any CPU
		{D51C1B31-4CEE-4E27-9C34-8B41FA677900}.Release|Any CPU.Build.0 = Release|Any CPU
		{25EFBED2-76B1-48C9-AD49-6924BD156F8F}.Debug|Any CPU.ActiveCfg = Debug|Any CPU
		{25EFBED2-76B1-48C9-AD49-6924BD156F8F}.Debug|Any CPU.Build.0 = Debug|Any CPU
		{25EFBED2-76B1-48C9-AD49-6924BD156F8F}.Ismael|Any CPU.ActiveCfg = Release|Any CPU
		{25EFBED2-76B1-48C9-AD49-6924BD156F8F}.Ismael|Any CPU.Build.0 = Release|Any CPU
		{25EFBED2-76B1-48C9-AD49-6924BD156F8F}.James|Any CPU.ActiveCfg = Release|Any CPU
		{25EFBED2-76B1-48C9-AD49-6924BD156F8F}.James|Any CPU.Build.0 = Release|Any CPU
		{25EFBED2-76B1-48C9-AD49-6924BD156F8F}.Release|Any CPU.ActiveCfg = Release|Any CPU
		{25EFBED2-76B1-48C9-AD49-6924BD156F8F}.Release|Any CPU.Build.0 = Release|Any CPU
		{C34650E3-BDB6-43E4-A148-86B9231DCE22}.Debug|Any CPU.ActiveCfg = Debug|Any CPU
		{C34650E3-BDB6-43E4-A148-86B9231DCE22}.Debug|Any CPU.Build.0 = Debug|Any CPU
		{C34650E3-BDB6-43E4-A148-86B9231DCE22}.Ismael|Any CPU.ActiveCfg = Release|Any CPU
		{C34650E3-BDB6-43E4-A148-86B9231DCE22}.Ismael|Any CPU.Build.0 = Release|Any CPU
		{C34650E3-BDB6-43E4-A148-86B9231DCE22}.James|Any CPU.ActiveCfg = Release|Any CPU
		{C34650E3-BDB6-43E4-A148-86B9231DCE22}.James|Any CPU.Build.0 = Release|Any CPU
		{C34650E3-BDB6-43E4-A148-86B9231DCE22}.Release|Any CPU.ActiveCfg = Release|Any CPU
		{C34650E3-BDB6-43E4-A148-86B9231DCE22}.Release|Any CPU.Build.0 = Release|Any CPU
	EndGlobalSection
	GlobalSection(SolutionProperties) = preSolution
		HideSolutionNode = FALSE
	EndGlobalSection
EndGlobal
